
Microsoft Visual Studio Solution File, Format Version 12.00
# Visual Studio Version 17
VisualStudioVersion = 17.7.34003.232
MinimumVisualStudioVersion = 10.0.40219.1
Project("{FAE04EC0-301F-11D3-BF4B-00C04F79EFBC}") = "Ex0208Petle", "Ex0208Petle\Ex0208Petle.csproj", "{329D71D8-585E-40C9-AD47-A29A9D5D7EE1}"
EndProject
Global
	GlobalSection(SolutionConfigurationPlatforms) = preSolution
		Debug|Any CPU = Debug|Any CPU
		Release|Any CPU = Release|Any CPU
	EndGlobalSection
	GlobalSection(ProjectConfigurationPlatforms) = postSolution
		{329D71D8-585E-40C9-AD47-A29A9D5D7EE1}.Debug|Any CPU.ActiveCfg = Debug|Any CPU
		{329D71D8-585E-40C9-AD47-A29A9D5D7EE1}.Debug|Any CPU.Build.0 = Debug|Any CPU
		{329D71D8-585E-40C9-AD47-A29A9D5D7EE1}.Release|Any CPU.ActiveCfg = Release|Any CPU
		{329D71D8-585E-40C9-AD47-A29A9D5D7EE1}.Release|Any CPU.Build.0 = Release|Any CPU
	EndGlobalSection
	GlobalSection(SolutionProperties) = preSolution
		HideSolutionNode = FALSE
	EndGlobalSection
	GlobalSection(ExtensibilityGlobals) = postSolution
		SolutionGuid = {E46A4FDB-74F9-48C2-A90F-94DD36B32701}
	EndGlobalSection
EndGlobal
